
Microsoft Visual Studio Solution File, Format Version 12.00
# Visual Studio 14
VisualStudioVersion = 14.0.25420.1
MinimumVisualStudioVersion = 10.0.40219.1
Project("{FAE04EC0-301F-11D3-BF4B-00C04F79EFBC}") = "JSDevam", "JSDevam\JSDevam.csproj", "{23EDE38C-787D-43D0-8F70-1D5A71CB0AAD}"
EndProject
Global
	GlobalSection(SolutionConfigurationPlatforms) = preSolution
		Debug|Any CPU = Debug|Any CPU
		Release|Any CPU = Release|Any CPU
	EndGlobalSection
	GlobalSection(ProjectConfigurationPlatforms) = postSolution
		{23EDE38C-787D-43D0-8F70-1D5A71CB0AAD}.Debug|Any CPU.ActiveCfg = Debug|Any CPU
		{23EDE38C-787D-43D0-8F70-1D5A71CB0AAD}.Debug|Any CPU.Build.0 = Debug|Any CPU
		{23EDE38C-787D-43D0-8F70-1D5A71CB0AAD}.Release|Any CPU.ActiveCfg = Release|Any CPU
		{23EDE38C-787D-43D0-8F70-1D5A71CB0AAD}.Release|Any CPU.Build.0 = Release|Any CPU
	EndGlobalSection
	GlobalSection(SolutionProperties) = preSolution
		HideSolutionNode = FALSE
	EndGlobalSection
EndGlobal
